PODS:
  - DynamicTypeHelper (0.1.0)
  - SwiftLint (0.25.1)

DEPENDENCIES:
  - DynamicTypeHelper (from `../`)
  - SwiftLint

SPEC REPOS:
  https://github.com/CocoaPods/Specs.git:
    - SwiftLint

EXTERNAL SOURCES:
  DynamicTypeHelper:
    :path: "../"

SPEC CHECKSUMS:
  DynamicTypeHelper: 2a9b1e60b01a7aeecd49cb387ae24e308a6dab7a
  SwiftLint: ce933681be10c3266e82576dad676fa815a602e9

PODFILE CHECKSUM: cdbe3cbdee959c4b012c6a3a2d202c269e2190e2

COCOAPODS: 1.5.0
