PODS:
  - DynamicTypeHelper (0.1.0)

DEPENDENCIES:
  - DynamicTypeHelper (from `../`)

EXTERNAL SOURCES:
  DynamicTypeHelper:
    :path: "../"

SPEC CHECKSUMS:
  DynamicTypeHelper: d7d64087dbd8ecc78e78bdf54b916700dfde35ed

PODFILE CHECKSUM: 604337e8e3bfb11cdd15a3a1255462cacc289522

COCOAPODS: 1.5.0
